
Microsoft Visual Studio Solution File, Format Version 12.00
# Visual Studio 2013
VisualStudioVersion = 12.0.40629.0
MinimumVisualStudioVersion = 10.0.40219.1
Project("{FAE04EC0-301F-11D3-BF4B-00C04F79EFBC}") = "CastleWinsorTypedFactory", "CastleWinsorTypedFactory\CastleWinsorTypedFactory.csproj", "{5D3A1FAB-87B4-4DBD-9166-2717938D236F}"
EndProject
Project("{FAE04EC0-301F-11D3-BF4B-00C04F79EFBC}") = "TestRunner", "TestRunner\TestRunner.csproj", "{30FC3621-14E5-4273-A6DD-B403BC0BF853}"
EndProject
Project("{FAE04EC0-301F-11D3-BF4B-00C04F79EFBC}") = "Common", "Common\Common.csproj", "{E4F51766-233A-4E42-B8E2-2DB1C5583A65}"
EndProject
Project("{FAE04EC0-301F-11D3-BF4B-00C04F79EFBC}") = "APIProcessor", "APIProcessor\APIProcessor.csproj", "{4517E497-37B7-4A6C-89B4-1FDB22797062}"
EndProject
Project("{FAE04EC0-301F-11D3-BF4B-00C04F79EFBC}") = "QueryProcessor", "QueryProcessor\QueryProcessor.csproj", "{0AFF1F6D-EA35-4561-AB04-EEE125F64277}"
EndProject
Project("{FAE04EC0-301F-11D3-BF4B-00C04F79EFBC}") = "Connector", "Connector\Connector.csproj", "{7DFFBB00-5AFA-4B44-BB35-622FD4E226DA}"
EndProject
Global
	GlobalSection(SolutionConfigurationPlatforms) = preSolution
		Debug|Any CPU = Debug|Any CPU
		Release|Any CPU = Release|Any CPU
	EndGlobalSection
	GlobalSection(ProjectConfigurationPlatforms) = postSolution
		{5D3A1FAB-87B4-4DBD-9166-2717938D236F}.Debug|Any CPU.ActiveCfg = Debug|Any CPU
		{5D3A1FAB-87B4-4DBD-9166-2717938D236F}.Debug|Any CPU.Build.0 = Debug|Any CPU
		{5D3A1FAB-87B4-4DBD-9166-2717938D236F}.Release|Any CPU.ActiveCfg = Release|Any CPU
		{5D3A1FAB-87B4-4DBD-9166-2717938D236F}.Release|Any CPU.Build.0 = Release|Any CPU
		{30FC3621-14E5-4273-A6DD-B403BC0BF853}.Debug|Any CPU.ActiveCfg = Debug|Any CPU
		{30FC3621-14E5-4273-A6DD-B403BC0BF853}.Debug|Any CPU.Build.0 = Debug|Any CPU
		{30FC3621-14E5-4273-A6DD-B403BC0BF853}.Release|Any CPU.ActiveCfg = Release|Any CPU
		{30FC3621-14E5-4273-A6DD-B403BC0BF853}.Release|Any CPU.Build.0 = Release|Any CPU
		{E4F51766-233A-4E42-B8E2-2DB1C5583A65}.Debug|Any CPU.ActiveCfg = Debug|Any CPU
		{E4F51766-233A-4E42-B8E2-2DB1C5583A65}.Debug|Any CPU.Build.0 = Debug|Any CPU
		{E4F51766-233A-4E42-B8E2-2DB1C5583A65}.Release|Any CPU.ActiveCfg = Release|Any CPU
		{E4F51766-233A-4E42-B8E2-2DB1C5583A65}.Release|Any CPU.Build.0 = Release|Any CPU
		{4517E497-37B7-4A6C-89B4-1FDB22797062}.Debug|Any CPU.ActiveCfg = Debug|Any CPU
		{4517E497-37B7-4A6C-89B4-1FDB22797062}.Debug|Any CPU.Build.0 = Debug|Any CPU
		{4517E497-37B7-4A6C-89B4-1FDB22797062}.Release|Any CPU.ActiveCfg = Release|Any CPU
		{4517E497-37B7-4A6C-89B4-1FDB22797062}.Release|Any CPU.Build.0 = Release|Any CPU
		{0AFF1F6D-EA35-4561-AB04-EEE125F64277}.Debug|Any CPU.ActiveCfg = Debug|Any CPU
		{0AFF1F6D-EA35-4561-AB04-EEE125F64277}.Debug|Any CPU.Build.0 = Debug|Any CPU
		{0AFF1F6D-EA35-4561-AB04-EEE125F64277}.Release|Any CPU.ActiveCfg = Release|Any CPU
		{0AFF1F6D-EA35-4561-AB04-EEE125F64277}.Release|Any CPU.Build.0 = Release|Any CPU
		{7DFFBB00-5AFA-4B44-BB35-622FD4E226DA}.Debug|Any CPU.ActiveCfg = Debug|Any CPU
		{7DFFBB00-5AFA-4B44-BB35-622FD4E226DA}.Debug|Any CPU.Build.0 = Debug|Any CPU
		{7DFFBB00-5AFA-4B44-BB35-622FD4E226DA}.Release|Any CPU.ActiveCfg = Release|Any CPU
		{7DFFBB00-5AFA-4B44-BB35-622FD4E226DA}.Release|Any CPU.Build.0 = Release|Any CPU
	EndGlobalSection
	GlobalSection(SolutionProperties) = preSolution
		HideSolutionNode = FALSE
	EndGlobalSection
EndGlobal
